
Microsoft Visual Studio Solution File, Format Version 12.00
# Visual Studio Version 16
VisualStudioVersion = 16.0.29613.14
MinimumVisualStudioVersion = 10.0.40219.1
Project("{FAE04EC0-301F-11D3-BF4B-00C04F79EFBC}") = "expression", "expression\expression.csproj", "{D1D47EFD-E729-4706-9B1A-308444F67D28}"
EndProject
Global
	GlobalSection(SolutionConfigurationPlatforms) = preSolution
		Debug|Any CPU = Debug|Any CPU
		Release|Any CPU = Release|Any CPU
	EndGlobalSection
	GlobalSection(ProjectConfigurationPlatforms) = postSolution
		{D1D47EFD-E729-4706-9B1A-308444F67D28}.Debug|Any CPU.ActiveCfg = Debug|Any CPU
		{D1D47EFD-E729-4706-9B1A-308444F67D28}.Debug|Any CPU.Build.0 = Debug|Any CPU
		{D1D47EFD-E729-4706-9B1A-308444F67D28}.Release|Any CPU.ActiveCfg = Release|Any CPU
		{D1D47EFD-E729-4706-9B1A-308444F67D28}.Release|Any CPU.Build.0 = Release|Any CPU
	EndGlobalSection
	GlobalSection(SolutionProperties) = preSolution
		HideSolutionNode = FALSE
	EndGlobalSection
	GlobalSection(ExtensibilityGlobals) = postSolution
		SolutionGuid = {8DA17B60-A149-46C4-839F-C83D04520CB1}
	EndGlobalSection
EndGlobal
