
Microsoft Visual Studio Solution File, Format Version 12.00
# Visual Studio Version 16
VisualStudioVersion = 16.0.29613.14
MinimumVisualStudioVersion = 10.0.40219.1
Project("{FAE04EC0-301F-11D3-BF4B-00C04F79EFBC}") = "absquared", "absquared\absquared.csproj", "{12680268-E8A8-4739-A486-EDBD5E983D9E}"
EndProject
Global
	GlobalSection(SolutionConfigurationPlatforms) = preSolution
		Debug|Any CPU = Debug|Any CPU
		Release|Any CPU = Release|Any CPU
	EndGlobalSection
	GlobalSection(ProjectConfigurationPlatforms) = postSolution
		{12680268-E8A8-4739-A486-EDBD5E983D9E}.Debug|Any CPU.ActiveCfg = Debug|Any CPU
		{12680268-E8A8-4739-A486-EDBD5E983D9E}.Debug|Any CPU.Build.0 = Debug|Any CPU
		{12680268-E8A8-4739-A486-EDBD5E983D9E}.Release|Any CPU.ActiveCfg = Release|Any CPU
		{12680268-E8A8-4739-A486-EDBD5E983D9E}.Release|Any CPU.Build.0 = Release|Any CPU
	EndGlobalSection
	GlobalSection(SolutionProperties) = preSolution
		HideSolutionNode = FALSE
	EndGlobalSection
	GlobalSection(ExtensibilityGlobals) = postSolution
		SolutionGuid = {77B4AD75-997C-45CC-9DED-30716DEBF794}
	EndGlobalSection
EndGlobal
